
Microsoft Visual Studio Solution File, Format Version 12.00
# Visual Studio Version 16
VisualStudioVersion = 16.0.30011.22
MinimumVisualStudioVersion = 10.0.40219.1
Project("{FAE04EC0-301F-11D3-BF4B-00C04F79EFBC}") = "PCMateSubBranch", "PCMateSubBranch\PCMateSubBranch.csproj", "{2C8B67E3-5579-477B-8F01-B09BF0D101A8}"
EndProject
Global
	GlobalSection(SolutionConfigurationPlatforms) = preSolution
		Debug|Any CPU = Debug|Any CPU
		Release|Any CPU = Release|Any CPU
	EndGlobalSection
	GlobalSection(ProjectConfigurationPlatforms) = postSolution
		{2C8B67E3-5579-477B-8F01-B09BF0D101A8}.Debug|Any CPU.ActiveCfg = Debug|Any CPU
		{2C8B67E3-5579-477B-8F01-B09BF0D101A8}.Debug|Any CPU.Build.0 = Debug|Any CPU
		{2C8B67E3-5579-477B-8F01-B09BF0D101A8}.Release|Any CPU.ActiveCfg = Release|Any CPU
		{2C8B67E3-5579-477B-8F01-B09BF0D101A8}.Release|Any CPU.Build.0 = Release|Any CPU
	EndGlobalSection
	GlobalSection(SolutionProperties) = preSolution
		HideSolutionNode = FALSE
	EndGlobalSection
	GlobalSection(ExtensibilityGlobals) = postSolution
		SolutionGuid = {A9831469-453D-4906-97F7-08DC3AAE0561}
	EndGlobalSection
EndGlobal
